
Microsoft Visual Studio Solution File, Format Version 12.00
# Visual Studio 2013
VisualStudioVersion = 12.0.21005.1
MinimumVisualStudioVersion = 10.0.40219.1
Project("{8BC9CEB8-8B4A-11D0-8D11-00A0C91BC942}") = "HashEngineering", "HashEngineering\HashEngineering.vcxproj", "{C230F407-2F68-4F64-AB59-376A7D9F3542}"
EndProject
Project("{FAE04EC0-301F-11D3-BF4B-00C04F79EFBC}") = "testWeb", "testWeb\testWeb.csproj", "{6911B67B-B4ED-4667-9E5C-A0A744089A33}"
EndProject
Project("{FAE04EC0-301F-11D3-BF4B-00C04F79EFBC}") = "CShapTest", "CShapTest\CShapTest.csproj", "{1594E7C8-C23C-48D6-99A0-3B717DEBFF7F}"
EndProject
Project("{8BC9CEB8-8B4A-11D0-8D11-00A0C91BC942}") = "IModular", "IModular\IModular.vcxproj", "{4DA72D6B-CE85-414D-8515-918D39B1A879}"
EndProject
Project("{8BC9CEB8-8B4A-11D0-8D11-00A0C91BC942}") = "tempCpp", "tempCpp\tempCpp.vcxproj", "{37511725-8836-4F2D-B237-22D96680045E}"
EndProject
Project("{8BC9CEB8-8B4A-11D0-8D11-00A0C91BC942}") = "XmlLua", "XmlLua\XmlLua.vcxproj", "{648593D9-71D3-4DE6-8E0E-6AD5200484C0}"
EndProject
Project("{8BC9CEB8-8B4A-11D0-8D11-00A0C91BC942}") = "TestLua2", "TestLua2\TestLua2.vcxproj", "{CFB599F7-21FD-4DF3-87D6-E597578ED4D6}"
EndProject
Project("{FAE04EC0-301F-11D3-BF4B-00C04F79EFBC}") = "TaskMessage", "TaskMessage\TaskMessage.csproj", "{EA3FFBD6-5D72-4ED0-826C-F70E5834EB0F}"
EndProject
Global
	GlobalSection(SolutionConfigurationPlatforms) = preSolution
		Debug|Any CPU = Debug|Any CPU
		Debug|Mixed Platforms = Debug|Mixed Platforms
		Debug|Win32 = Debug|Win32
		Release|Any CPU = Release|Any CPU
		Release|Mixed Platforms = Release|Mixed Platforms
		Release|Win32 = Release|Win32
	EndGlobalSection
	GlobalSection(ProjectConfigurationPlatforms) = postSolution
		{C230F407-2F68-4F64-AB59-376A7D9F3542}.Debug|Any CPU.ActiveCfg = Debug|Win32
		{C230F407-2F68-4F64-AB59-376A7D9F3542}.Debug|Mixed Platforms.ActiveCfg = Debug|Win32
		{C230F407-2F68-4F64-AB59-376A7D9F3542}.Debug|Mixed Platforms.Build.0 = Debug|Win32
		{C230F407-2F68-4F64-AB59-376A7D9F3542}.Debug|Win32.ActiveCfg = Debug|Win32
		{C230F407-2F68-4F64-AB59-376A7D9F3542}.Debug|Win32.Build.0 = Debug|Win32
		{C230F407-2F68-4F64-AB59-376A7D9F3542}.Release|Any CPU.ActiveCfg = Release|Win32
		{C230F407-2F68-4F64-AB59-376A7D9F3542}.Release|Mixed Platforms.ActiveCfg = Release|Win32
		{C230F407-2F68-4F64-AB59-376A7D9F3542}.Release|Mixed Platforms.Build.0 = Release|Win32
		{C230F407-2F68-4F64-AB59-376A7D9F3542}.Release|Win32.ActiveCfg = Release|Win32
		{C230F407-2F68-4F64-AB59-376A7D9F3542}.Release|Win32.Build.0 = Release|Win32
		{6911B67B-B4ED-4667-9E5C-A0A744089A33}.Debug|Any CPU.ActiveCfg = Debug|Any CPU
		{6911B67B-B4ED-4667-9E5C-A0A744089A33}.Debug|Any CPU.Build.0 = Debug|Any CPU
		{6911B67B-B4ED-4667-9E5C-A0A744089A33}.Debug|Mixed Platforms.ActiveCfg = Debug|Any CPU
		{6911B67B-B4ED-4667-9E5C-A0A744089A33}.Debug|Mixed Platforms.Build.0 = Debug|Any CPU
		{6911B67B-B4ED-4667-9E5C-A0A744089A33}.Debug|Win32.ActiveCfg = Debug|Any CPU
		{6911B67B-B4ED-4667-9E5C-A0A744089A33}.Release|Any CPU.ActiveCfg = Release|Any CPU
		{6911B67B-B4ED-4667-9E5C-A0A744089A33}.Release|Any CPU.Build.0 = Release|Any CPU
		{6911B67B-B4ED-4667-9E5C-A0A744089A33}.Release|Mixed Platforms.ActiveCfg = Release|Any CPU
		{6911B67B-B4ED-4667-9E5C-A0A744089A33}.Release|Mixed Platforms.Build.0 = Release|Any CPU
		{6911B67B-B4ED-4667-9E5C-A0A744089A33}.Release|Win32.ActiveCfg = Release|Any CPU
		{1594E7C8-C23C-48D6-99A0-3B717DEBFF7F}.Debug|Any CPU.ActiveCfg = Debug|Any CPU
		{1594E7C8-C23C-48D6-99A0-3B717DEBFF7F}.Debug|Any CPU.Build.0 = Debug|Any CPU
		{1594E7C8-C23C-48D6-99A0-3B717DEBFF7F}.Debug|Mixed Platforms.ActiveCfg = Debug|Any CPU
		{1594E7C8-C23C-48D6-99A0-3B717DEBFF7F}.Debug|Mixed Platforms.Build.0 = Debug|Any CPU
		{1594E7C8-C23C-48D6-99A0-3B717DEBFF7F}.Debug|Win32.ActiveCfg = Debug|Any CPU
		{1594E7C8-C23C-48D6-99A0-3B717DEBFF7F}.Release|Any CPU.ActiveCfg = Release|Any CPU
		{1594E7C8-C23C-48D6-99A0-3B717DEBFF7F}.Release|Any CPU.Build.0 = Release|Any CPU
		{1594E7C8-C23C-48D6-99A0-3B717DEBFF7F}.Release|Mixed Platforms.ActiveCfg = Release|Any CPU
		{1594E7C8-C23C-48D6-99A0-3B717DEBFF7F}.Release|Mixed Platforms.Build.0 = Release|Any CPU
		{1594E7C8-C23C-48D6-99A0-3B717DEBFF7F}.Release|Win32.ActiveCfg = Release|Any CPU
		{4DA72D6B-CE85-414D-8515-918D39B1A879}.Debug|Any CPU.ActiveCfg = Debug|Win32
		{4DA72D6B-CE85-414D-8515-918D39B1A879}.Debug|Mixed Platforms.ActiveCfg = Debug|Win32
		{4DA72D6B-CE85-414D-8515-918D39B1A879}.Debug|Mixed Platforms.Build.0 = Debug|Win32
		{4DA72D6B-CE85-414D-8515-918D39B1A879}.Debug|Win32.ActiveCfg = Debug|Win32
		{4DA72D6B-CE85-414D-8515-918D39B1A879}.Debug|Win32.Build.0 = Debug|Win32
		{4DA72D6B-CE85-414D-8515-918D39B1A879}.Release|Any CPU.ActiveCfg = Release|Win32
		{4DA72D6B-CE85-414D-8515-918D39B1A879}.Release|Mixed Platforms.ActiveCfg = Release|Win32
		{4DA72D6B-CE85-414D-8515-918D39B1A879}.Release|Mixed Platforms.Build.0 = Release|Win32
		{4DA72D6B-CE85-414D-8515-918D39B1A879}.Release|Win32.ActiveCfg = Release|Win32
		{4DA72D6B-CE85-414D-8515-918D39B1A879}.Release|Win32.Build.0 = Release|Win32
		{37511725-8836-4F2D-B237-22D96680045E}.Debug|Any CPU.ActiveCfg = Debug|Win32
		{37511725-8836-4F2D-B237-22D96680045E}.Debug|Mixed Platforms.ActiveCfg = Debug|Win32
		{37511725-8836-4F2D-B237-22D96680045E}.Debug|Mixed Platforms.Build.0 = Debug|Win32
		{37511725-8836-4F2D-B237-22D96680045E}.Debug|Win32.ActiveCfg = Debug|Win32
		{37511725-8836-4F2D-B237-22D96680045E}.Debug|Win32.Build.0 = Debug|Win32
		{37511725-8836-4F2D-B237-22D96680045E}.Release|Any CPU.ActiveCfg = Release|Win32
		{37511725-8836-4F2D-B237-22D96680045E}.Release|Mixed Platforms.ActiveCfg = Release|Win32
		{37511725-8836-4F2D-B237-22D96680045E}.Release|Mixed Platforms.Build.0 = Release|Win32
		{37511725-8836-4F2D-B237-22D96680045E}.Release|Win32.ActiveCfg = Release|Win32
		{37511725-8836-4F2D-B237-22D96680045E}.Release|Win32.Build.0 = Release|Win32
		{648593D9-71D3-4DE6-8E0E-6AD5200484C0}.Debug|Any CPU.ActiveCfg = Debug|Win32
		{648593D9-71D3-4DE6-8E0E-6AD5200484C0}.Debug|Mixed Platforms.ActiveCfg = Debug|Win32
		{648593D9-71D3-4DE6-8E0E-6AD5200484C0}.Debug|Mixed Platforms.Build.0 = Debug|Win32
		{648593D9-71D3-4DE6-8E0E-6AD5200484C0}.Debug|Win32.ActiveCfg = Debug|Win32
		{648593D9-71D3-4DE6-8E0E-6AD5200484C0}.Debug|Win32.Build.0 = Debug|Win32
		{648593D9-71D3-4DE6-8E0E-6AD5200484C0}.Release|Any CPU.ActiveCfg = Release|Win32
		{648593D9-71D3-4DE6-8E0E-6AD5200484C0}.Release|Mixed Platforms.ActiveCfg = Release|Win32
		{648593D9-71D3-4DE6-8E0E-6AD5200484C0}.Release|Mixed Platforms.Build.0 = Release|Win32
		{648593D9-71D3-4DE6-8E0E-6AD5200484C0}.Release|Win32.ActiveCfg = Release|Win32
		{648593D9-71D3-4DE6-8E0E-6AD5200484C0}.Release|Win32.Build.0 = Release|Win32
		{CFB599F7-21FD-4DF3-87D6-E597578ED4D6}.Debug|Any CPU.ActiveCfg = Debug|Win32
		{CFB599F7-21FD-4DF3-87D6-E597578ED4D6}.Debug|Mixed Platforms.ActiveCfg = Debug|Win32
		{CFB599F7-21FD-4DF3-87D6-E597578ED4D6}.Debug|Mixed Platforms.Build.0 = Debug|Win32
		{CFB599F7-21FD-4DF3-87D6-E597578ED4D6}.Debug|Win32.ActiveCfg = Debug|Win32
		{CFB599F7-21FD-4DF3-87D6-E597578ED4D6}.Debug|Win32.Build.0 = Debug|Win32
		{CFB599F7-21FD-4DF3-87D6-E597578ED4D6}.Release|Any CPU.ActiveCfg = Release|Win32
		{CFB599F7-21FD-4DF3-87D6-E597578ED4D6}.Release|Mixed Platforms.ActiveCfg = Release|Win32
		{CFB599F7-21FD-4DF3-87D6-E597578ED4D6}.Release|Mixed Platforms.Build.0 = Release|Win32
		{CFB599F7-21FD-4DF3-87D6-E597578ED4D6}.Release|Win32.ActiveCfg = Release|Win32
		{CFB599F7-21FD-4DF3-87D6-E597578ED4D6}.Release|Win32.Build.0 = Release|Win32
		{EA3FFBD6-5D72-4ED0-826C-F70E5834EB0F}.Debug|Any CPU.ActiveCfg = Debug|Any CPU
		{EA3FFBD6-5D72-4ED0-826C-F70E5834EB0F}.Debug|Any CPU.Build.0 = Debug|Any CPU
		{EA3FFBD6-5D72-4ED0-826C-F70E5834EB0F}.Debug|Mixed Platforms.ActiveCfg = Debug|Any CPU
		{EA3FFBD6-5D72-4ED0-826C-F70E5834EB0F}.Debug|Mixed Platforms.Build.0 = Debug|Any CPU
		{EA3FFBD6-5D72-4ED0-826C-F70E5834EB0F}.Debug|Win32.ActiveCfg = Debug|Any CPU
		{EA3FFBD6-5D72-4ED0-826C-F70E5834EB0F}.Release|Any CPU.ActiveCfg = Release|Any CPU
		{EA3FFBD6-5D72-4ED0-826C-F70E5834EB0F}.Release|Any CPU.Build.0 = Release|Any CPU
		{EA3FFBD6-5D72-4ED0-826C-F70E5834EB0F}.Release|Mixed Platforms.ActiveCfg = Release|Any CPU
		{EA3FFBD6-5D72-4ED0-826C-F70E5834EB0F}.Release|Mixed Platforms.Build.0 = Release|Any CPU
		{EA3FFBD6-5D72-4ED0-826C-F70E5834EB0F}.Release|Win32.ActiveCfg = Release|Any CPU
	EndGlobalSection
	GlobalSection(SolutionProperties) = preSolution
		HideSolutionNode = FALSE
	EndGlobalSection
EndGlobal
